
Microsoft Visual Studio Solution File, Format Version 12.00
# Visual Studio 2013
VisualStudioVersion = 12.0.30723.0
MinimumVisualStudioVersion = 10.0.40219.1
Project("{FAE04EC0-301F-11D3-BF4B-00C04F79EFBC}") = "DeftPack.TestAutomation.Functional", "Libraries\DeftPack.TestAutomation.Functional\DeftPack.TestAutomation.Functional.csproj", "{D3FE6FAF-4A82-4F52-9D99-8189A1499E63}"
	ProjectSection(ProjectDependencies) = postProject
		{509C1615-5A42-4AF7-863D-87A68C68AB6F} = {509C1615-5A42-4AF7-863D-87A68C68AB6F}
		{A4590BAD-8E29-4A0F-8C67-FC87109A11DC} = {A4590BAD-8E29-4A0F-8C67-FC87109A11DC}
		{F4A3E8FB-765A-4117-A55A-8B980961447D} = {F4A3E8FB-765A-4117-A55A-8B980961447D}
	EndProjectSection
EndProject
Project("{FAE04EC0-301F-11D3-BF4B-00C04F79EFBC}") = "DeftPack.TestAutomation.Selenium", "Libraries\DeftPack.TestAutomation.Selenium\DeftPack.TestAutomation.Selenium.csproj", "{38731F5C-8555-4CFB-886C-0E103B67CE27}"
EndProject
Project("{FAE04EC0-301F-11D3-BF4B-00C04F79EFBC}") = "DeftPack.TestAutomation.Examples.Functional", "Examples\DeftPack.TestAutomation.Examples.Functional\DeftPack.TestAutomation.Examples.Functional.csproj", "{CF34D149-D04F-4646-85B2-B56EE5DC8B83}"
	ProjectSection(ProjectDependencies) = postProject
		{509C1615-5A42-4AF7-863D-87A68C68AB6F} = {509C1615-5A42-4AF7-863D-87A68C68AB6F}
		{CE59C824-C745-4681-9700-809EAEB97D99} = {CE59C824-C745-4681-9700-809EAEB97D99}
		{FCBD6357-619F-4B68-B7C0-0081923A2256} = {FCBD6357-619F-4B68-B7C0-0081923A2256}
		{A4590BAD-8E29-4A0F-8C67-FC87109A11DC} = {A4590BAD-8E29-4A0F-8C67-FC87109A11DC}
		{D3FE6FAF-4A82-4F52-9D99-8189A1499E63} = {D3FE6FAF-4A82-4F52-9D99-8189A1499E63}
		{F4A3E8FB-765A-4117-A55A-8B980961447D} = {F4A3E8FB-765A-4117-A55A-8B980961447D}
	EndProjectSection
EndProject
Project("{FAE04EC0-301F-11D3-BF4B-00C04F79EFBC}") = "DeftPack.TestAutomation.Reporting", "Libraries\DeftPack.TestAutomation.Reporting\DeftPack.TestAutomation.Reporting.csproj", "{A4590BAD-8E29-4A0F-8C67-FC87109A11DC}"
EndProject
Project("{FAE04EC0-301F-11D3-BF4B-00C04F79EFBC}") = "DeftPack.TestAutomation", "Libraries\DeftPack.TestAutomation\DeftPack.TestAutomation.csproj", "{CE59C824-C745-4681-9700-809EAEB97D99}"
EndProject
Project("{2150E333-8FDC-42A3-9474-1A3956D46DE8}") = "Examples", "Examples", "{84CFB332-1C4A-4FF5-AC31-10E7827BC4AE}"
EndProject
Project("{FAE04EC0-301F-11D3-BF4B-00C04F79EFBC}") = "DeftPack.TestAutomation.Selenium.PageObjects", "Libraries\DeftPack.TestAutomation.Selenium.PageObjects\DeftPack.TestAutomation.Selenium.PageObjects.csproj", "{F4A3E8FB-765A-4117-A55A-8B980961447D}"
EndProject
Project("{FAE04EC0-301F-11D3-BF4B-00C04F79EFBC}") = "DeftPack.TestAutomation.Assertion", "Libraries\DeftPack.TestAutomation.Assertion\DeftPack.TestAutomation.Assertion.csproj", "{509C1615-5A42-4AF7-863D-87A68C68AB6F}"
EndProject
Project("{FAE04EC0-301F-11D3-BF4B-00C04F79EFBC}") = "DeftPack.TestAutomation.Selenium.Drivers", "Libraries\DeftPack.TestAutomation.Selenium.Drivers\DeftPack.TestAutomation.Selenium.Drivers.csproj", "{FCBD6357-619F-4B68-B7C0-0081923A2256}"
EndProject
Project("{2150E333-8FDC-42A3-9474-1A3956D46DE8}") = "UnitTests", "UnitTests", "{8B7A2670-D69C-42C9-BFE4-5497A615933A}"
EndProject
Project("{2150E333-8FDC-42A3-9474-1A3956D46DE8}") = "Documentation", "Documentation", "{CB190A1F-17B1-4300-97F2-24B9A5595861}"
EndProject
Project("{2150E333-8FDC-42A3-9474-1A3956D46DE8}") = "Libraries", "Libraries", "{C8833316-2DBB-4779-AB20-FD0701EE0D50}"
EndProject
Project("{FAE04EC0-301F-11D3-BF4B-00C04F79EFBC}") = "DeftPack.TestAutomation.Assertion.UnitTests", "UnitTests\DeftPack.TestAutomation.Assertion.UnitTests\DeftPack.TestAutomation.Assertion.UnitTests.csproj", "{69F4EFEA-0C4C-4917-A637-3BE0CC7A695A}"
EndProject
Project("{FAE04EC0-301F-11D3-BF4B-00C04F79EFBC}") = "DeftPack.TestAutomation.Reporting.UnitTests", "UnitTests\DeftPack.TestAutomation.Reporting.UnitTests\DeftPack.TestAutomation.Reporting.UnitTests.csproj", "{4A4CC689-9D8A-447C-B592-0CABD1692DAD}"
EndProject
Project("{FAE04EC0-301F-11D3-BF4B-00C04F79EFBC}") = "DeftPack.TestAutomation.Selenium.PageObjects.UnitTests", "DeftPack.TestAutomation.Selenium.PageObjects.UnitTests\DeftPack.TestAutomation.Selenium.PageObjects.UnitTests.csproj", "{6D16B18C-7BD6-4568-8A02-AF322228467E}"
EndProject
Global
	GlobalSection(SolutionConfigurationPlatforms) = preSolution
		Debug|Any CPU = Debug|Any CPU
		Release|Any CPU = Release|Any CPU
	EndGlobalSection
	GlobalSection(ProjectConfigurationPlatforms) = postSolution
		{D3FE6FAF-4A82-4F52-9D99-8189A1499E63}.Debug|Any CPU.ActiveCfg = Debug|Any CPU
		{D3FE6FAF-4A82-4F52-9D99-8189A1499E63}.Debug|Any CPU.Build.0 = Debug|Any CPU
		{D3FE6FAF-4A82-4F52-9D99-8189A1499E63}.Release|Any CPU.ActiveCfg = Release|Any CPU
		{D3FE6FAF-4A82-4F52-9D99-8189A1499E63}.Release|Any CPU.Build.0 = Release|Any CPU
		{38731F5C-8555-4CFB-886C-0E103B67CE27}.Debug|Any CPU.ActiveCfg = Debug|Any CPU
		{38731F5C-8555-4CFB-886C-0E103B67CE27}.Debug|Any CPU.Build.0 = Debug|Any CPU
		{38731F5C-8555-4CFB-886C-0E103B67CE27}.Release|Any CPU.ActiveCfg = Release|Any CPU
		{38731F5C-8555-4CFB-886C-0E103B67CE27}.Release|Any CPU.Build.0 = Release|Any CPU
		{CF34D149-D04F-4646-85B2-B56EE5DC8B83}.Debug|Any CPU.ActiveCfg = Debug|Any CPU
		{CF34D149-D04F-4646-85B2-B56EE5DC8B83}.Debug|Any CPU.Build.0 = Debug|Any CPU
		{CF34D149-D04F-4646-85B2-B56EE5DC8B83}.Release|Any CPU.ActiveCfg = Release|Any CPU
		{CF34D149-D04F-4646-85B2-B56EE5DC8B83}.Release|Any CPU.Build.0 = Release|Any CPU
		{A4590BAD-8E29-4A0F-8C67-FC87109A11DC}.Debug|Any CPU.ActiveCfg = Debug|Any CPU
		{A4590BAD-8E29-4A0F-8C67-FC87109A11DC}.Debug|Any CPU.Build.0 = Debug|Any CPU
		{A4590BAD-8E29-4A0F-8C67-FC87109A11DC}.Release|Any CPU.ActiveCfg = Release|Any CPU
		{A4590BAD-8E29-4A0F-8C67-FC87109A11DC}.Release|Any CPU.Build.0 = Release|Any CPU
		{CE59C824-C745-4681-9700-809EAEB97D99}.Debug|Any CPU.ActiveCfg = Debug|Any CPU
		{CE59C824-C745-4681-9700-809EAEB97D99}.Debug|Any CPU.Build.0 = Debug|Any CPU
		{CE59C824-C745-4681-9700-809EAEB97D99}.Release|Any CPU.ActiveCfg = Release|Any CPU
		{CE59C824-C745-4681-9700-809EAEB97D99}.Release|Any CPU.Build.0 = Release|Any CPU
		{F4A3E8FB-765A-4117-A55A-8B980961447D}.Debug|Any CPU.ActiveCfg = Debug|Any CPU
		{F4A3E8FB-765A-4117-A55A-8B980961447D}.Debug|Any CPU.Build.0 = Debug|Any CPU
		{F4A3E8FB-765A-4117-A55A-8B980961447D}.Release|Any CPU.ActiveCfg = Release|Any CPU
		{F4A3E8FB-765A-4117-A55A-8B980961447D}.Release|Any CPU.Build.0 = Release|Any CPU
		{509C1615-5A42-4AF7-863D-87A68C68AB6F}.Debug|Any CPU.ActiveCfg = Debug|Any CPU
		{509C1615-5A42-4AF7-863D-87A68C68AB6F}.Debug|Any CPU.Build.0 = Debug|Any CPU
		{509C1615-5A42-4AF7-863D-87A68C68AB6F}.Release|Any CPU.ActiveCfg = Release|Any CPU
		{509C1615-5A42-4AF7-863D-87A68C68AB6F}.Release|Any CPU.Build.0 = Release|Any CPU
		{FCBD6357-619F-4B68-B7C0-0081923A2256}.Debug|Any CPU.ActiveCfg = Debug|Any CPU
		{FCBD6357-619F-4B68-B7C0-0081923A2256}.Debug|Any CPU.Build.0 = Debug|Any CPU
		{FCBD6357-619F-4B68-B7C0-0081923A2256}.Release|Any CPU.ActiveCfg = Release|Any CPU
		{FCBD6357-619F-4B68-B7C0-0081923A2256}.Release|Any CPU.Build.0 = Release|Any CPU
		{69F4EFEA-0C4C-4917-A637-3BE0CC7A695A}.Debug|Any CPU.ActiveCfg = Debug|Any CPU
		{69F4EFEA-0C4C-4917-A637-3BE0CC7A695A}.Debug|Any CPU.Build.0 = Debug|Any CPU
		{69F4EFEA-0C4C-4917-A637-3BE0CC7A695A}.Release|Any CPU.ActiveCfg = Release|Any CPU
		{69F4EFEA-0C4C-4917-A637-3BE0CC7A695A}.Release|Any CPU.Build.0 = Release|Any CPU
		{4A4CC689-9D8A-447C-B592-0CABD1692DAD}.Debug|Any CPU.ActiveCfg = Debug|Any CPU
		{4A4CC689-9D8A-447C-B592-0CABD1692DAD}.Debug|Any CPU.Build.0 = Debug|Any CPU
		{4A4CC689-9D8A-447C-B592-0CABD1692DAD}.Release|Any CPU.ActiveCfg = Release|Any CPU
		{4A4CC689-9D8A-447C-B592-0CABD1692DAD}.Release|Any CPU.Build.0 = Release|Any CPU
		{6D16B18C-7BD6-4568-8A02-AF322228467E}.Debug|Any CPU.ActiveCfg = Debug|Any CPU
		{6D16B18C-7BD6-4568-8A02-AF322228467E}.Debug|Any CPU.Build.0 = Debug|Any CPU
		{6D16B18C-7BD6-4568-8A02-AF322228467E}.Release|Any CPU.ActiveCfg = Release|Any CPU
		{6D16B18C-7BD6-4568-8A02-AF322228467E}.Release|Any CPU.Build.0 = Release|Any CPU
	EndGlobalSection
	GlobalSection(SolutionProperties) = preSolution
		HideSolutionNode = FALSE
	EndGlobalSection
	GlobalSection(NestedProjects) = preSolution
		{D3FE6FAF-4A82-4F52-9D99-8189A1499E63} = {C8833316-2DBB-4779-AB20-FD0701EE0D50}
		{38731F5C-8555-4CFB-886C-0E103B67CE27} = {C8833316-2DBB-4779-AB20-FD0701EE0D50}
		{CF34D149-D04F-4646-85B2-B56EE5DC8B83} = {84CFB332-1C4A-4FF5-AC31-10E7827BC4AE}
		{A4590BAD-8E29-4A0F-8C67-FC87109A11DC} = {C8833316-2DBB-4779-AB20-FD0701EE0D50}
		{CE59C824-C745-4681-9700-809EAEB97D99} = {C8833316-2DBB-4779-AB20-FD0701EE0D50}
		{F4A3E8FB-765A-4117-A55A-8B980961447D} = {C8833316-2DBB-4779-AB20-FD0701EE0D50}
		{509C1615-5A42-4AF7-863D-87A68C68AB6F} = {C8833316-2DBB-4779-AB20-FD0701EE0D50}
		{FCBD6357-619F-4B68-B7C0-0081923A2256} = {C8833316-2DBB-4779-AB20-FD0701EE0D50}
		{69F4EFEA-0C4C-4917-A637-3BE0CC7A695A} = {8B7A2670-D69C-42C9-BFE4-5497A615933A}
		{4A4CC689-9D8A-447C-B592-0CABD1692DAD} = {8B7A2670-D69C-42C9-BFE4-5497A615933A}
		{6D16B18C-7BD6-4568-8A02-AF322228467E} = {8B7A2670-D69C-42C9-BFE4-5497A615933A}
	EndGlobalSection
EndGlobal
